// !$*UTF8*$!
{
	archiveVersion = 1;
	classes = {
	};
	objectVersion = 50;
	objects = {

/* Begin PBXBuildFile section */
		C4BC5C8D26C6937A0080AA55 /* AppDelegate.swift in Sources */ = {isa = PBXBuildFile; fileRef = C4BC5C8C26C6937A0080AA55 /* AppDelegate.swift */; };
		C4BC5C8F26C6937A0080AA55 /* SceneDelegate.swift in Sources */ = {isa = PBXBuildFile; fileRef = C4BC5C8E26C6937A0080AA55 /* SceneDelegate.swift */; };
		C4BC5C9126C6937A0080AA55 /* ViewController.swift in Sources */ = {isa = PBXBuildFile; fileRef = C4BC5C9026C6937A0080AA55 /* ViewController.swift */; };
		C4BC5C9426C6937A0080AA55 /* Main.storyboard in Resources */ = {isa = PBXBuildFile; fileRef = C4BC5C9226C6937A0080AA55 /* Main.storyboard */; };
		C4BC5C9626C6937D0080AA55 /* Assets.xcassets in Resources */ = {isa = PBXBuildFile; fileRef = C4BC5C9526C6937D0080AA55 /* Assets.xcassets */; };
		C4BC5C9926C6937D0080AA55 /* LaunchScreen.storyboard in Resources */ = {isa = PBXBuildFile; fileRef = C4BC5C9726C6937D0080AA55 /* LaunchScreen.storyboard */; };
		C4BC5CA426C6937E0080AA55 /* Table_ViewTests.swift in Sources */ = {isa = PBXBuildFile; fileRef = C4BC5CA326C6937E0080AA55 /* Table_ViewTests.swift */; };
		C4BC5CAF26C6937E0080AA55 /* Table_ViewUITests.swift in Sources */ = {isa = PBXBuildFile; fileRef = C4BC5CAE26C6937E0080AA55 /* Table_ViewUITests.swift */; };
/* End PBXBuildFile section */

/* Begin PBXContainerItemProxy section */
		C4BC5CA026C6937E0080AA55 /* PBXContainerItemProxy */ = {
			isa = PBXContainerItemProxy;
			containerPortal = C4BC5C8126C6937A0080AA55 /* Project object */;
			proxyType = 1;
			remoteGlobalIDString = C4BC5C8826C6937A0080AA55;
			remoteInfo = "Table View";
		};
		C4BC5CAB26C6937E0080AA55 /* PBXContainerItemProxy */ = {
			isa = PBXContainerItemProxy;
			containerPortal = C4BC5C8126C6937A0080AA55 /* Project object */;
			proxyType = 1;
			remoteGlobalIDString = C4BC5C8826C6937A0080AA55;
			remoteInfo = "Table View";
		};
/* End PBXContainerItemProxy section */

/* Begin PBXFileReference section */
		C4BC5C8926C6937A0080AA55 /* Table View.app */ = {isa = PBXFileReference; explicitFileType = wrapper.application; includeInIndex = 0; path = "Table View.app"; sourceTree = BUILT_PRODUCTS_DIR; };
		C4BC5C8C26C6937A0080AA55 /* AppDelegate.swift */ = {isa = PBXFileReference; lastKnownFileType = sourcecode.swift; path = AppDelegate.swift; sourceTree = "<group>"; };
		C4BC5C8E26C6937A0080AA55 /* SceneDelegate.swift */ = {isa = PBXFileReference; lastKnownFileType = sourcecode.swift; path = SceneDelegate.swift; sourceTree = "<group>"; };
		C4BC5C9026C6937A0080AA55 /* ViewController.swift */ = {isa = PBXFileReference; lastKnownFileType = sourcecode.swift; path = ViewController.swift; sourceTree = "<group>"; };
		C4BC5C9326C6937A0080AA55 /* Base */ = {isa = PBXFileReference; lastKnownFileType = file.storyboard; name = Base; path = Base.lproj/Main.storyboard; sourceTree = "<group>"; };
		C4BC5C9526C6937D0080AA55 /* Assets.xcassets */ = {isa = PBXFileReference; lastKnownFileType = folder.assetcatalog; path = Assets.xcassets; sourceTree = "<group>"; };
		C4BC5C9826C6937D0080AA55 /* Base */ = {isa = PBXFileReference; lastKnownFileType = file.storyboard; name = Base; path = Base.lproj/LaunchScreen.storyboard; sourceTree = "<group>"; };
		C4BC5C9A26C6937D0080AA55 /* Info.plist */ = {isa = PBXFileReference; lastKnownFileType = text.plist.xml; path = Info.plist; sourceTree = "<group>"; };
		C4BC5C9F26C6937E0080AA55 /* Table ViewTests.xctest */ = {isa = PBXFileReference; explicitFileType = wrapper.cfbundle; includeInIndex = 0; path = "Table ViewTests.xctest"; sourceTree = BUILT_PRODUCTS_DIR; };
		C4BC5CA326C6937E0080AA55 /* Table_ViewTests.swift */ = {isa = PBXFileReference; lastKnownFileType = sourcecode.swift; path = Table_ViewTests.swift; sourceTree = "<group>"; };
		C4BC5CA526C6937E0080AA55 /* Info.plist */ = {isa = PBXFileReference; lastKnownFileType = text.plist.xml; path = Info.plist; sourceTree = "<group>"; };
		C4BC5CAA26C6937E0080AA55 /* Table ViewUITests.xctest */ = {isa = PBXFileReference; explicitFileType = wrapper.cfbundle; includeInIndex = 0; path = "Table ViewUITests.xctest"; sourceTree = BUILT_PRODUCTS_DIR; };
		C4BC5CAE26C6937E0080AA55 /* Table_ViewUITests.swift */ = {isa = PBXFileReference; lastKnownFileType = sourcecode.swift; path = Table_ViewUITests.swift; sourceTree = "<group>"; };
		C4BC5CB026C6937E0080AA55 /* Info.plist */ = {isa = PBXFileReference; lastKnownFileType = text.plist.xml; path = Info.plist; sourceTree = "<group>"; };
/* End PBXFileReference section */

/* Begin PBXFrameworksBuildPhase section */
		C4BC5C8626C6937A0080AA55 /* Frameworks */ = {
			isa = PBXFrameworksBuildPhase;
			buildActionMask = 2147483647;
			files = (
			);
			runOnlyForDeploymentPostprocessing = 0;
		};
		C4BC5C9C26C6937E0080AA55 /* Frameworks */ = {
			isa = PBXFrameworksBuildPhase;
			buildActionMask = 2147483647;
			files = (
			);
			runOnlyForDeploymentPostprocessing = 0;
		};
		C4BC5CA726C6937E0080AA55 /* Frameworks */ = {
			isa = PBXFrameworksBuildPhase;
			buildActionMask = 2147483647;
			files = (
			);
			runOnlyForDeploymentPostprocessing = 0;
		};
/* End PBXFrameworksBuildPhase section */

/* Begin PBXGroup section */
		C4BC5C8026C6937A0080AA55 = {
			isa = PBXGroup;
			children = (
				C4BC5C8B26C6937A0080AA55 /* Table View */,
				C4BC5CA226C6937E0080AA55 /* Table ViewTests */,
				C4BC5CAD26C6937E0080AA55 /* Table ViewUITests */,
				C4BC5C8A26C6937A0080AA55 /* Products */,
			);
			sourceTree = "<group>";
		};
		C4BC5C8A26C6937A0080AA55 /* Products */ = {
			isa = PBXGroup;
			children = (
				C4BC5C8926C6937A0080AA55 /* Table View.app */,
				C4BC5C9F26C6937E0080AA55 /* Table ViewTests.xctest */,
				C4BC5CAA26C6937E0080AA55 /* Table ViewUITests.xctest */,
			);
			name = Products;
			sourceTree = "<group>";
		};
		C4BC5C8B26C6937A0080AA55 /* Table View */ = {
			isa = PBXGroup;
			children = (
				C4BC5C8C26C6937A0080AA55 /* AppDelegate.swift */,
				C4BC5C8E26C6937A0080AA55 /* SceneDelegate.swift */,
				C4BC5C9026C6937A0080AA55 /* ViewController.swift */,
				C4BC5C9226C6937A0080AA55 /* Main.storyboard */,
				C4BC5C9526C6937D0080AA55 /* Assets.xcassets */,
				C4BC5C9726C6937D0080AA55 /* LaunchScreen.storyboard */,
				C4BC5C9A26C6937D0080AA55 /* Info.plist */,
			);
			path = "Table View";
			sourceTree = "<group>";
		};
		C4BC5CA226C6937E0080AA55 /* Table ViewTests */ = {
			isa = PBXGroup;
			children = (
				C4BC5CA326C6937E0080AA55 /* Table_ViewTests.swift */,
				C4BC5CA526C6937E0080AA55 /* Info.plist */,
			);
			path = "Table ViewTests";
			sourceTree = "<group>";
		};
		C4BC5CAD26C6937E0080AA55 /* Table ViewUITests */ = {
			isa = PBXGroup;
			children = (
				C4BC5CAE26C6937E0080AA55 /* Table_ViewUITests.swift */,
				C4BC5CB026C6937E0080AA55 /* Info.plist */,
			);
			path = "Table ViewUITests";
			sourceTree = "<group>";
		};
/* End PBXGroup section */

/* Begin PBXNativeTarget section */
		C4BC5C8826C6937A0080AA55 /* Table View */ = {
			isa = PBXNativeTarget;
			buildConfigurationList = C4BC5CB326C6937E0080AA55 /* Build configuration list for PBXNativeTarget "Table View" */;
			buildPhases = (
				C4BC5C8526C6937A0080AA55 /* Sources */,
				C4BC5C8626C6937A0080AA55 /* Frameworks */,
				C4BC5C8726C6937A0080AA55 /* Resources */,
			);
			buildRules = (
			);
			dependencies = (
			);
			name = "Table View";
			productName = "Table View";
			productReference = C4BC5C8926C6937A0080AA55 /* Table View.app */;
			productType = "com.apple.product-type.application";
		};
		C4BC5C9E26C6937E0080AA55 /* Table ViewTests */ = {
			isa = PBXNativeTarget;
			buildConfigurationList = C4BC5CB626C6937E0080AA55 /* Build configuration list for PBXNativeTarget "Table ViewTests" */;
			buildPhases = (
				C4BC5C9B26C6937E0080AA55 /* Sources */,
				C4BC5C9C26C6937E0080AA55 /* Frameworks */,
				C4BC5C9D26C6937E0080AA55 /* Resources */,
			);
			buildRules = (
			);
			dependencies = (
				C4BC5CA126C6937E0080AA55 /* PBXTargetDependency */,
			);
			name = "Table ViewTests";
			productName = "Table ViewTests";
			productReference = C4BC5C9F26C6937E0080AA55 /* Table ViewTests.xctest */;
			productType = "com.apple.product-type.bundle.unit-test";
		};
		C4BC5CA926C6937E0080AA55 /* Table ViewUITests */ = {
			isa = PBXNativeTarget;
			buildConfigurationList = C4BC5CB926C6937E0080AA55 /* Build configuration list for PBXNativeTarget "Table ViewUITests" */;
			buildPhases = (
				C4BC5CA626C6937E0080AA55 /* Sources */,
				C4BC5CA726C6937E0080AA55 /* Frameworks */,
				C4BC5CA826C6937E0080AA55 /* Resources */,
			);
			buildRules = (
			);
			dependencies = (
				C4BC5CAC26C6937E0080AA55 /* PBXTargetDependency */,
			);
			name = "Table ViewUITests";
			productName = "Table ViewUITests";
			productReference = C4BC5CAA26C6937E0080AA55 /* Table ViewUITests.xctest */;
			productType = "com.apple.product-type.bundle.ui-testing";
		};
/* End PBXNativeTarget section */

/* Begin PBXProject section */
		C4BC5C8126C6937A0080AA55 /* Project object */ = {
			isa = PBXProject;
			attributes = {
				LastSwiftUpdateCheck = 1240;
				LastUpgradeCheck = 1240;
				TargetAttributes = {
					C4BC5C8826C6937A0080AA55 = {
						CreatedOnToolsVersion = 12.4;
					};
					C4BC5C9E26C6937E0080AA55 = {
						CreatedOnToolsVersion = 12.4;
						TestTargetID = C4BC5C8826C6937A0080AA55;
					};
					C4BC5CA926C6937E0080AA55 = {
						CreatedOnToolsVersion = 12.4;
						TestTargetID = C4BC5C8826C6937A0080AA55;
					};
				};
			};
			buildConfigurationList = C4BC5C8426C6937A0080AA55 /* Build configuration list for PBXProject "Table View" */;
			compatibilityVersion = "Xcode 9.3";
			developmentRegion = en;
			hasScannedForEncodings = 0;
			knownRegions = (
				en,
				Base,
			);
			mainGroup = C4BC5C8026C6937A0080AA55;
			productRefGroup = C4BC5C8A26C6937A0080AA55 /* Products */;
			projectDirPath = "";
			projectRoot = "";
			targets = (
				C4BC5C8826C6937A0080AA55 /* Table View */,
				C4BC5C9E26C6937E0080AA55 /* Table ViewTests */,
				C4BC5CA926C6937E0080AA55 /* Table ViewUITests */,
			);
		};
/* End PBXProject section */

/* Begin PBXResourcesBuildPhase section */
		C4BC5C8726C6937A0080AA55 /* Resources */ = {
			isa = PBXResourcesBuildPhase;
			buildActionMask = 2147483647;
			files = (
				C4BC5C9926C6937D0080AA55 /* LaunchScreen.storyboard in Resources */,
				C4BC5C9626C6937D0080AA55 /* Assets.xcassets in Resources */,
				C4BC5C9426C6937A0080AA55 /* Main.storyboard in Resources */,
			);
			runOnlyForDeploymentPostprocessing = 0;
		};
		C4BC5C9D26C6937E0080AA55 /* Resources */ = {
			isa = PBXResourcesBuildPhase;
			buildActionMask = 2147483647;
			files = (
			);
			runOnlyForDeploymentPostprocessing = 0;
		};
		C4BC5CA826C6937E0080AA55 /* Resources */ = {
			isa = PBXResourcesBuildPhase;
			buildActionMask = 2147483647;
			files = (
			);
			runOnlyForDeploymentPostprocessing = 0;
		};
/* End PBXResourcesBuildPhase section */

/* Begin PBXSourcesBuildPhase section */
		C4BC5C8526C6937A0080AA55 /* Sources */ = {
			isa = PBXSourcesBuildPhase;
			buildActionMask = 2147483647;
			files = (
				C4BC5C9126C6937A0080AA55 /* ViewController.swift in Sources */,
				C4BC5C8D26C6937A0080AA55 /* AppDelegate.swift in Sources */,
				C4BC5C8F26C6937A0080AA55 /* SceneDelegate.swift in Sources */,
			);
			runOnlyForDeploymentPostprocessing = 0;
		};
		C4BC5C9B26C6937E0080AA55 /* Sources */ = {
			isa = PBXSourcesBuildPhase;
			buildActionMask = 2147483647;
			files = (
				C4BC5CA426C6937E0080AA55 /* Table_ViewTests.swift in Sources */,
			);
			runOnlyForDeploymentPostprocessing = 0;
		};
		C4BC5CA626C6937E0080AA55 /* Sources */ = {
			isa = PBXSourcesBuildPhase;
			buildActionMask = 2147483647;
			files = (
				C4BC5CAF26C6937E0080AA55 /* Table_ViewUITests.swift in Sources */,
			);
			runOnlyForDeploymentPostprocessing = 0;
		};
/* End PBXSourcesBuildPhase section */

/* Begin PBXTargetDependency section */
		C4BC5CA126C6937E0080AA55 /* PBXTargetDependency */ = {
			isa = PBXTargetDependency;
			target = C4BC5C8826C6937A0080AA55 /* Table View */;
			targetProxy = C4BC5CA026C6937E0080AA55 /* PBXContainerItemProxy */;
		};
		C4BC5CAC26C6937E0080AA55 /* PBXTargetDependency */ = {
			isa = PBXTargetDependency;
			target = C4BC5C8826C6937A0080AA55 /* Table View */;
			targetProxy = C4BC5CAB26C6937E0080AA55 /* PBXContainerItemProxy */;
		};
/* End PBXTargetDependency section */

/* Begin PBXVariantGroup section */
		C4BC5C9226C6937A0080AA55 /* Main.storyboard */ = {
			isa = PBXVariantGroup;
			children = (
				C4BC5C9326C6937A0080AA55 /* Base */,
			);
			name = Main.storyboard;
			sourceTree = "<group>";
		};
		C4BC5C9726C6937D0080AA55 /* LaunchScreen.storyboard */ = {
			isa = PBXVariantGroup;
			children = (
				C4BC5C9826C6937D0080AA55 /* Base */,
			);
			name = LaunchScreen.storyboard;
			sourceTree = "<group>";
		};
/* End PBXVariantGroup section */

/* Begin XCBuildConfiguration section */
		C4BC5CB126C6937E0080AA55 /* Debug */ = {
			isa = XCBuildConfiguration;
			buildSettings = {
				ALWAYS_SEARCH_USER_PATHS = NO;
				CLANG_ANALYZER_NONNULL = YES;
				CLANG_ANALYZER_NUMBER_OBJECT_CONVERSION = YES_AGGRESSIVE;
				CLANG_CXX_LANGUAGE_STANDARD = "gnu++14";
				CLANG_CXX_LIBRARY = "libc++";
				CLANG_ENABLE_MODULES = YES;
				CLANG_ENABLE_OBJC_ARC = YES;
				CLANG_ENABLE_OBJC_WEAK = YES;
				CLANG_WARN_BLOCK_CAPTURE_AUTORELEASING = YES;
				CLANG_WARN_BOOL_CONVERSION = YES;
				CLANG_WARN_COMMA = YES;
				CLANG_WARN_CONSTANT_CONVERSION = YES;
				CLANG_WARN_DEPRECATED_OBJC_IMPLEMENTATIONS = YES;
				CLANG_WARN_DIRECT_OBJC_ISA_USAGE = YES_ERROR;
				CLANG_WARN_DOCUMENTATION_COMMENTS = YES;
				CLANG_WARN_EMPTY_BODY = YES;
				CLANG_WARN_ENUM_CONVERSION = YES;
				CLANG_WARN_INFINITE_RECURSION = YES;
				CLANG_WARN_INT_CONVERSION = YES;
				CLANG_WARN_NON_LITERAL_NULL_CONVERSION = YES;
				CLANG_WARN_OBJC_IMPLICIT_RETAIN_SELF = YES;
				CLANG_WARN_OBJC_LITERAL_CONVERSION = YES;
				CLANG_WARN_OBJC_ROOT_CLASS = YES_ERROR;
				CLANG_WARN_QUOTED_INCLUDE_IN_FRAMEWORK_HEADER = YES;
				CLANG_WARN_RANGE_LOOP_ANALYSIS = YES;
				CLANG_WARN_STRICT_PROTOTYPES = YES;
				CLANG_WARN_SUSPICIOUS_MOVE = YES;
				CLANG_WARN_UNGUARDED_AVAILABILITY = YES_AGGRESSIVE;
				CLANG_WARN_UNREACHABLE_CODE = YES;
				CLANG_WARN__DUPLICATE_METHOD_MATCH = YES;
				COPY_PHASE_STRIP = NO;
				DEBUG_INFORMATION_FORMAT = dwarf;
				ENABLE_STRICT_OBJC_MSGSEND = YES;
				ENABLE_TESTABILITY = YES;
				GCC_C_LANGUAGE_STANDARD = gnu11;
				GCC_DYNAMIC_NO_PIC = NO;
				GCC_NO_COMMON_BLOCKS = YES;
				GCC_OPTIMIZATION_LEVEL = 0;
				GCC_PREPROCESSOR_DEFINITIONS = (
					"DEBUG=1",
					"$(inherited)",
				);
				GCC_WARN_64_TO_32_BIT_CONVERSION = YES;
				GCC_WARN_ABOUT_RETURN_TYPE = YES_ERROR;
				GCC_WARN_UNDECLARED_SELECTOR = YES;
				GCC_WARN_UNINITIALIZED_AUTOS = YES_AGGRESSIVE;
				GCC_WARN_UNUSED_FUNCTION = YES;
				GCC_WARN_UNUSED_VARIABLE = YES;
				IPHONEOS_DEPLOYMENT_TARGET = 14.4;
				MTL_ENABLE_DEBUG_INFO = INCLUDE_SOURCE;
				MTL_FAST_MATH = YES;
				ONLY_ACTIVE_ARCH = YES;
				SDKROOT = iphoneos;
				SWIFT_ACTIVE_COMPILATION_CONDITIONS = DEBUG;
				SWIFT_OPTIMIZATION_LEVEL = "-Onone";
			};
			name = Debug;
		};
		C4BC5CB226C6937E0080AA55 /* Release */ = {
			isa = XCBuildConfiguration;
			buildSettings = {
				ALWAYS_SEARCH_USER_PATHS = NO;
				CLANG_ANALYZER_NONNULL = YES;
				CLANG_ANALYZER_NUMBER_OBJECT_CONVERSION = YES_AGGRESSIVE;
				CLANG_CXX_LANGUAGE_STANDARD = "gnu++14";
				CLANG_CXX_LIBRARY = "libc++";
				CLANG_ENABLE_MODULES = YES;
				CLANG_ENABLE_OBJC_ARC = YES;
				CLANG_ENABLE_OBJC_WEAK = YES;
				CLANG_WARN_BLOCK_CAPTURE_AUTORELEASING = YES;
				CLANG_WARN_BOOL_CONVERSION = YES;
				CLANG_WARN_COMMA = YES;
				CLANG_WARN_CONSTANT_CONVERSION = YES;
				CLANG_WARN_DEPRECATED_OBJC_IMPLEMENTATIONS = YES;
				CLANG_WARN_DIRECT_OBJC_ISA_USAGE = YES_ERROR;
				CLANG_WARN_DOCUMENTATION_COMMENTS = YES;
				CLANG_WARN_EMPTY_BODY = YES;
				CLANG_WARN_ENUM_CONVERSION = YES;
				CLANG_WARN_INFINITE_RECURSION = YES;
				CLANG_WARN_INT_CONVERSION = YES;
				CLANG_WARN_NON_LITERAL_NULL_CONVERSION = YES;
				CLANG_WARN_OBJC_IMPLICIT_RETAIN_SELF = YES;
				CLANG_WARN_OBJC_LITERAL_CONVERSION = YES;
				CLANG_WARN_OBJC_ROOT_CLASS = YES_ERROR;
				CLANG_WARN_QUOTED_INCLUDE_IN_FRAMEWORK_HEADER = YES;
				CLANG_WARN_RANGE_LOOP_ANALYSIS = YES;
				CLANG_WARN_STRICT_PROTOTYPES = YES;
				CLANG_WARN_SUSPICIOUS_MOVE = YES;
				CLANG_WARN_UNGUARDED_AVAILABILITY = YES_AGGRESSIVE;
				CLANG_WARN_UNREACHABLE_CODE = YES;
				CLANG_WARN__DUPLICATE_METHOD_MATCH = YES;
				COPY_PHASE_STRIP = NO;
				DEBUG_INFORMATION_FORMAT = "dwarf-with-dsym";
				ENABLE_NS_ASSERTIONS = NO;
				ENABLE_STRICT_OBJC_MSGSEND = YES;
				GCC_C_LANGUAGE_STANDARD = gnu11;
				GCC_NO_COMMON_BLOCKS = YES;
				GCC_WARN_64_TO_32_BIT_CONVERSION = YES;
				GCC_WARN_ABOUT_RETURN_TYPE = YES_ERROR;
				GCC_WARN_UNDECLARED_SELECTOR = YES;
				GCC_WARN_UNINITIALIZED_AUTOS = YES_AGGRESSIVE;
				GCC_WARN_UNUSED_FUNCTION = YES;
				GCC_WARN_UNUSED_VARIABLE = YES;
				IPHONEOS_DEPLOYMENT_TARGET = 14.4;
				MTL_ENABLE_DEBUG_INFO = NO;
				MTL_FAST_MATH = YES;
				SDKROOT = iphoneos;
				SWIFT_COMPILATION_MODE = wholemodule;
				SWIFT_OPTIMIZATION_LEVEL = "-O";
				VALIDATE_PRODUCT = YES;
			};
			name = Release;
		};
		C4BC5CB426C6937E0080AA55 /* Debug */ = {
			isa = XCBuildConfiguration;
			buildSettings = {
				ASSETCATALOG_COMPILER_APPICON_NAME = AppIcon;
				ASSETCATALOG_COMPILER_GLOBAL_ACCENT_COLOR_NAME = AccentColor;
				CODE_SIGN_STYLE = Automatic;
				DEVELOPMENT_TEAM = YY9C9385T2;
				INFOPLIST_FILE = "Table View/Info.plist";
				LD_RUNPATH_SEARCH_PATHS = (
					"$(inherited)",
					"@executable_path/Frameworks",
				);
				PRODUCT_BUNDLE_IDENTIFIER = "com.company.Table-View";
				PRODUCT_NAME = "$(TARGET_NAME)";
				SWIFT_VERSION = 5.0;
				TARGETED_DEVICE_FAMILY = "1,2";
			};
			name = Debug;
		};
		C4BC5CB526C6937E0080AA55 /* Release */ = {
			isa = XCBuildConfiguration;
			buildSettings = {
				ASSETCATALOG_COMPILER_APPICON_NAME = AppIcon;
				ASSETCATALOG_COMPILER_GLOBAL_ACCENT_COLOR_NAME = AccentColor;
				CODE_SIGN_STYLE = Automatic;
				DEVELOPMENT_TEAM = YY9C9385T2;
				INFOPLIST_FILE = "Table View/Info.plist";
				LD_RUNPATH_SEARCH_PATHS = (
					"$(inherited)",
					"@executable_path/Frameworks",
				);
				PRODUCT_BUNDLE_IDENTIFIER = "com.company.Table-View";
				PRODUCT_NAME = "$(TARGET_NAME)";
				SWIFT_VERSION = 5.0;
				TARGETED_DEVICE_FAMILY = "1,2";
			};
			name = Release;
		};
		C4BC5CB726C6937E0080AA55 /* Debug */ = {
			isa = XCBuildConfiguration;
			buildSettings = {
				ALWAYS_EMBED_SWIFT_STANDARD_LIBRARIES = YES;
				BUNDLE_LOADER = "$(TEST_HOST)";
				CODE_SIGN_STYLE = Automatic;
				DEVELOPMENT_TEAM = YY9C9385T2;
				INFOPLIST_FILE = "Table ViewTests/Info.plist";
				IPHONEOS_DEPLOYMENT_TARGET = 14.4;
				LD_RUNPATH_SEARCH_PATHS = (
					"$(inherited)",
					"@executable_path/Frameworks",
					"@loader_path/Frameworks",
				);
				PRODUCT_BUNDLE_IDENTIFIER = "com.company.Table-ViewTests";
				PRODUCT_NAME = "$(TARGET_NAME)";
				SWIFT_VERSION = 5.0;
				TARGETED_DEVICE_FAMILY = "1,2";
				TEST_HOST = "$(BUILT_PRODUCTS_DIR)/Table View.app/Table View";
			};
			name = Debug;
		};
		C4BC5CB826C6937E0080AA55 /* Release */ = {
			isa = XCBuildConfiguration;
			buildSettings = {
				ALWAYS_EMBED_SWIFT_STANDARD_LIBRARIES = YES;
				BUNDLE_LOADER = "$(TEST_HOST)";
				CODE_SIGN_STYLE = Automatic;
				DEVELOPMENT_TEAM = YY9C9385T2;
				INFOPLIST_FILE = "Table ViewTests/Info.plist";
				IPHONEOS_DEPLOYMENT_TARGET = 14.4;
				LD_RUNPATH_SEARCH_PATHS = (
					"$(inherited)",
					"@executable_path/Frameworks",
					"@loader_path/Frameworks",
				);
				PRODUCT_BUNDLE_IDENTIFIER = "com.company.Table-ViewTests";
				PRODUCT_NAME = "$(TARGET_NAME)";
				SWIFT_VERSION = 5.0;
				TARGETED_DEVICE_FAMILY = "1,2";
				TEST_HOST = "$(BUILT_PRODUCTS_DIR)/Table View.app/Table View";
			};
			name = Release;
		};
		C4BC5CBA26C6937E0080AA55 /* Debug */ = {
			isa = XCBuildConfiguration;
			buildSettings = {
				ALWAYS_EMBED_SWIFT_STANDARD_LIBRARIES = YES;
				CODE_SIGN_STYLE = Automatic;
				DEVELOPMENT_TEAM = YY9C9385T2;
				INFOPLIST_FILE = "Table ViewUITests/Info.plist";
				LD_RUNPATH_SEARCH_PATHS = (
					"$(inherited)",
					"@executable_path/Frameworks",
					"@loader_path/Frameworks",
				);
				PRODUCT_BUNDLE_IDENTIFIER = "com.company.Table-ViewUITests";
				PRODUCT_NAME = "$(TARGET_NAME)";
				SWIFT_VERSION = 5.0;
				TARGETED_DEVICE_FAMILY = "1,2";
				TEST_TARGET_NAME = "Table View";
			};
			name = Debug;
		};
		C4BC5CBB26C6937E0080AA55 /* Release */ = {
			isa = XCBuildConfiguration;
			buildSettings = {
				ALWAYS_EMBED_SWIFT_STANDARD_LIBRARIES = YES;
				CODE_SIGN_STYLE = Automatic;
				DEVELOPMENT_TEAM = YY9C9385T2;
				INFOPLIST_FILE = "Table ViewUITests/Info.plist";
				LD_RUNPATH_SEARCH_PATHS = (
					"$(inherited)",
					"@executable_path/Frameworks",
					"@loader_path/Frameworks",
				);
				PRODUCT_BUNDLE_IDENTIFIER = "com.company.Table-ViewUITests";
				PRODUCT_NAME = "$(TARGET_NAME)";
				SWIFT_VERSION = 5.0;
				TARGETED_DEVICE_FAMILY = "1,2";
				TEST_TARGET_NAME = "Table View";
			};
			name = Release;
		};
/* End XCBuildConfiguration section */

/* Begin XCConfigurationList section */
		C4BC5C8426C6937A0080AA55 /* Build configuration list for PBXProject "Table View" */ = {
			isa = XCConfigurationList;
			buildConfigurations = (
				C4BC5CB126C6937E0080AA55 /* Debug */,
				C4BC5CB226C6937E0080AA55 /* Release */,
			);
			defaultConfigurationIsVisible = 0;
			defaultConfigurationName = Release;
		};
		C4BC5CB326C6937E0080AA55 /* Build configuration list for PBXNativeTarget "Table View" */ = {
			isa = XCConfigurationList;
			buildConfigurations = (
				C4BC5CB426C6937E0080AA55 /* Debug */,
				C4BC5CB526C6937E0080AA55 /* Release */,
			);
			defaultConfigurationIsVisible = 0;
			defaultConfigurationName = Release;
		};
		C4BC5CB626C6937E0080AA55 /* Build configuration list for PBXNativeTarget "Table ViewTests" */ = {
			isa = XCConfigurationList;
			buildConfigurations = (
				C4BC5CB726C6937E0080AA55 /* Debug */,
				C4BC5CB826C6937E0080AA55 /* Release */,
			);
			defaultConfigurationIsVisible = 0;
			defaultConfigurationName = Release;
		};
		C4BC5CB926C6937E0080AA55 /* Build configuration list for PBXNativeTarget "Table ViewUITests" */ = {
			isa = XCConfigurationList;
			buildConfigurations = (
				C4BC5CBA26C6937E0080AA55 /* Debug */,
				C4BC5CBB26C6937E0080AA55 /* Release */,
			);
			defaultConfigurationIsVisible = 0;
			defaultConfigurationName = Release;
		};
/* End XCConfigurationList section */
	};
	rootObject = C4BC5C8126C6937A0080AA55 /* Project object */;
}
